
Microsoft Visual Studio Solution File, Format Version 12.00
# Visual Studio Version 16
VisualStudioVersion = 16.0.31829.152
MinimumVisualStudioVersion = 10.0.40219.1
Project("{FAE04EC0-301F-11D3-BF4B-00C04F79EFBC}") = "FastOutdoors", "FastOutdoors\FastOutdoors.csproj", "{82CDD061-811B-4765-86F5-A71F292B03D2}"
EndProject
Project("{FAE04EC0-301F-11D3-BF4B-00C04F79EFBC}") = "DataAccessLayer", "DataAccessLayer\DataAccessLayer.csproj", "{85C43E8C-8471-492F-BC6B-1EFB60759E60}"
EndProject
Global
	GlobalSection(SolutionConfigurationPlatforms) = preSolution
		Debug|Any CPU = Debug|Any CPU
		Release|Any CPU = Release|Any CPU
	EndGlobalSection
	GlobalSection(ProjectConfigurationPlatforms) = postSolution
		{82CDD061-811B-4765-86F5-A71F292B03D2}.Debug|Any CPU.ActiveCfg = Debug|Any CPU
		{82CDD061-811B-4765-86F5-A71F292B03D2}.Debug|Any CPU.Build.0 = Debug|Any CPU
		{82CDD061-811B-4765-86F5-A71F292B03D2}.Release|Any CPU.ActiveCfg = Release|Any CPU
		{82CDD061-811B-4765-86F5-A71F292B03D2}.Release|Any CPU.Build.0 = Release|Any CPU
		{85C43E8C-8471-492F-BC6B-1EFB60759E60}.Debug|Any CPU.ActiveCfg = Debug|Any CPU
		{85C43E8C-8471-492F-BC6B-1EFB60759E60}.Debug|Any CPU.Build.0 = Debug|Any CPU
		{85C43E8C-8471-492F-BC6B-1EFB60759E60}.Release|Any CPU.ActiveCfg = Release|Any CPU
		{85C43E8C-8471-492F-BC6B-1EFB60759E60}.Release|Any CPU.Build.0 = Release|Any CPU
	EndGlobalSection
	GlobalSection(SolutionProperties) = preSolution
		HideSolutionNode = FALSE
	EndGlobalSection
	GlobalSection(ExtensibilityGlobals) = postSolution
		SolutionGuid = {5170CD31-66F7-416E-A5E7-260B51065193}
	EndGlobalSection
EndGlobal
